
Microsoft Visual Studio Solution File, Format Version 12.00
# Visual Studio Express 2013 for Windows Desktop
VisualStudioVersion = 12.0.30723.0
MinimumVisualStudioVersion = 10.0.40219.1
Project("{8BC9CEB8-8B4A-11D0-8D11-00A0C91BC942}") = "pactmsg", "pactmsg\pactmsg.vcxproj", "{1A516528-14CB-4C8F-8797-26CFEB78A7F9}"
EndProject
Project("{8BC9CEB8-8B4A-11D0-8D11-00A0C91BC942}") = "tester", "tester\tester.vcxproj", "{24EC0FD1-2744-4494-BF55-35A4B1C77FB1}"
	ProjectSection(ProjectDependencies) = postProject
		{1A516528-14CB-4C8F-8797-26CFEB78A7F9} = {1A516528-14CB-4C8F-8797-26CFEB78A7F9}
	EndProjectSection
EndProject
Global
	GlobalSection(SolutionConfigurationPlatforms) = preSolution
		Debug|Win32 = Debug|Win32
		DynamicDebug|Win32 = DynamicDebug|Win32
		DynamicRelease|Win32 = DynamicRelease|Win32
		Release|Win32 = Release|Win32
		StaticDebug|Win32 = StaticDebug|Win32
		StaticRelease|Win32 = StaticRelease|Win32
	EndGlobalSection
	GlobalSection(ProjectConfigurationPlatforms) = postSolution
		{1A516528-14CB-4C8F-8797-26CFEB78A7F9}.Debug|Win32.ActiveCfg = StaticDebug|Win32
		{1A516528-14CB-4C8F-8797-26CFEB78A7F9}.Debug|Win32.Build.0 = StaticDebug|Win32
		{1A516528-14CB-4C8F-8797-26CFEB78A7F9}.DynamicDebug|Win32.ActiveCfg = DynamicDebug|Win32
		{1A516528-14CB-4C8F-8797-26CFEB78A7F9}.DynamicDebug|Win32.Build.0 = DynamicDebug|Win32
		{1A516528-14CB-4C8F-8797-26CFEB78A7F9}.DynamicRelease|Win32.ActiveCfg = DynamicRelease|Win32
		{1A516528-14CB-4C8F-8797-26CFEB78A7F9}.DynamicRelease|Win32.Build.0 = DynamicRelease|Win32
		{1A516528-14CB-4C8F-8797-26CFEB78A7F9}.Release|Win32.ActiveCfg = StaticRelease|Win32
		{1A516528-14CB-4C8F-8797-26CFEB78A7F9}.Release|Win32.Build.0 = StaticRelease|Win32
		{1A516528-14CB-4C8F-8797-26CFEB78A7F9}.StaticDebug|Win32.ActiveCfg = StaticDebug|Win32
		{1A516528-14CB-4C8F-8797-26CFEB78A7F9}.StaticDebug|Win32.Build.0 = StaticDebug|Win32
		{1A516528-14CB-4C8F-8797-26CFEB78A7F9}.StaticRelease|Win32.ActiveCfg = StaticRelease|Win32
		{1A516528-14CB-4C8F-8797-26CFEB78A7F9}.StaticRelease|Win32.Build.0 = StaticRelease|Win32
		{24EC0FD1-2744-4494-BF55-35A4B1C77FB1}.Debug|Win32.ActiveCfg = Debug|Win32
		{24EC0FD1-2744-4494-BF55-35A4B1C77FB1}.Debug|Win32.Build.0 = Debug|Win32
		{24EC0FD1-2744-4494-BF55-35A4B1C77FB1}.DynamicDebug|Win32.ActiveCfg = Debug|Win32
		{24EC0FD1-2744-4494-BF55-35A4B1C77FB1}.DynamicDebug|Win32.Build.0 = Debug|Win32
		{24EC0FD1-2744-4494-BF55-35A4B1C77FB1}.DynamicRelease|Win32.ActiveCfg = Release|Win32
		{24EC0FD1-2744-4494-BF55-35A4B1C77FB1}.DynamicRelease|Win32.Build.0 = Release|Win32
		{24EC0FD1-2744-4494-BF55-35A4B1C77FB1}.Release|Win32.ActiveCfg = Release|Win32
		{24EC0FD1-2744-4494-BF55-35A4B1C77FB1}.Release|Win32.Build.0 = Release|Win32
		{24EC0FD1-2744-4494-BF55-35A4B1C77FB1}.StaticDebug|Win32.ActiveCfg = Debug|Win32
		{24EC0FD1-2744-4494-BF55-35A4B1C77FB1}.StaticDebug|Win32.Build.0 = Debug|Win32
		{24EC0FD1-2744-4494-BF55-35A4B1C77FB1}.StaticRelease|Win32.ActiveCfg = Release|Win32
		{24EC0FD1-2744-4494-BF55-35A4B1C77FB1}.StaticRelease|Win32.Build.0 = Release|Win32
	EndGlobalSection
	GlobalSection(SolutionProperties) = preSolution
		HideSolutionNode = FALSE
	EndGlobalSection
EndGlobal
